
Microsoft Visual Studio Solution File, Format Version 12.00
# Visual Studio Version 16
VisualStudioVersion = 16.0.30517.126
MinimumVisualStudioVersion = 10.0.40219.1
Project("{FAE04EC0-301F-11D3-BF4B-00C04F79EFBC}") = "DynamicArrays", "DynamicArrays.csproj", "{86BCC618-6225-42CD-BD32-D0A188BF2489}"
EndProject
Global
	GlobalSection(SolutionConfigurationPlatforms) = preSolution
		Debug|Any CPU = Debug|Any CPU
		Release|Any CPU = Release|Any CPU
	EndGlobalSection
	GlobalSection(ProjectConfigurationPlatforms) = postSolution
		{86BCC618-6225-42CD-BD32-D0A188BF2489}.Debug|Any CPU.ActiveCfg = Debug|Any CPU
		{86BCC618-6225-42CD-BD32-D0A188BF2489}.Debug|Any CPU.Build.0 = Debug|Any CPU
		{86BCC618-6225-42CD-BD32-D0A188BF2489}.Release|Any CPU.ActiveCfg = Release|Any CPU
		{86BCC618-6225-42CD-BD32-D0A188BF2489}.Release|Any CPU.Build.0 = Release|Any CPU
	EndGlobalSection
	GlobalSection(SolutionProperties) = preSolution
		HideSolutionNode = FALSE
	EndGlobalSection
	GlobalSection(ExtensibilityGlobals) = postSolution
		SolutionGuid = {9768A2E3-E831-4C21-8BF9-ACB8334777C6}
	EndGlobalSection
EndGlobal
