
Microsoft Visual Studio Solution File, Format Version 12.00
# Visual Studio Version 16
VisualStudioVersion = 16.0.30517.126
MinimumVisualStudioVersion = 10.0.40219.1
Project("{F184B08F-C81C-45F6-A57F-5ABD9991F28F}") = "RibbonBasics", "RibbonBasics.vbproj", "{BC64C7ED-B1ED-4FF3-B286-041CC9D400FE}"
EndProject
Global
	GlobalSection(SolutionConfigurationPlatforms) = preSolution
		Debug|Any CPU = Debug|Any CPU
		Release|Any CPU = Release|Any CPU
	EndGlobalSection
	GlobalSection(ProjectConfigurationPlatforms) = postSolution
		{BC64C7ED-B1ED-4FF3-B286-041CC9D400FE}.Debug|Any CPU.ActiveCfg = Debug|Any CPU
		{BC64C7ED-B1ED-4FF3-B286-041CC9D400FE}.Debug|Any CPU.Build.0 = Debug|Any CPU
		{BC64C7ED-B1ED-4FF3-B286-041CC9D400FE}.Release|Any CPU.ActiveCfg = Release|Any CPU
		{BC64C7ED-B1ED-4FF3-B286-041CC9D400FE}.Release|Any CPU.Build.0 = Release|Any CPU
	EndGlobalSection
	GlobalSection(SolutionProperties) = preSolution
		HideSolutionNode = FALSE
	EndGlobalSection
	GlobalSection(ExtensibilityGlobals) = postSolution
		SolutionGuid = {B64813DD-EEAE-429C-AEBE-D08ED5A7CFA5}
	EndGlobalSection
EndGlobal
