
Microsoft Visual Studio Solution File, Format Version 12.00
# Visual Studio Version 16
VisualStudioVersion = 16.0.30717.126
MinimumVisualStudioVersion = 10.0.40219.1
Project("{FAE04EC0-301F-11D3-BF4B-00C04F79EFBC}") = "TimerRTD", "TimerRTD.csproj", "{78EBE69C-1FDE-4A29-B18D-7D8024CC85E4}"
EndProject
Global
	GlobalSection(SolutionConfigurationPlatforms) = preSolution
		Debug|Any CPU = Debug|Any CPU
		Release|Any CPU = Release|Any CPU
	EndGlobalSection
	GlobalSection(ProjectConfigurationPlatforms) = postSolution
		{78EBE69C-1FDE-4A29-B18D-7D8024CC85E4}.Debug|Any CPU.ActiveCfg = Debug|Any CPU
		{78EBE69C-1FDE-4A29-B18D-7D8024CC85E4}.Debug|Any CPU.Build.0 = Debug|Any CPU
		{78EBE69C-1FDE-4A29-B18D-7D8024CC85E4}.Release|Any CPU.ActiveCfg = Release|Any CPU
		{78EBE69C-1FDE-4A29-B18D-7D8024CC85E4}.Release|Any CPU.Build.0 = Release|Any CPU
	EndGlobalSection
	GlobalSection(SolutionProperties) = preSolution
		HideSolutionNode = FALSE
	EndGlobalSection
	GlobalSection(ExtensibilityGlobals) = postSolution
		SolutionGuid = {FF2E304F-1AEE-4B2D-861E-5B90D4707CC4}
	EndGlobalSection
EndGlobal
