
Microsoft Visual Studio Solution File, Format Version 12.00
# Visual Studio Version 16
VisualStudioVersion = 16.0.30011.22
MinimumVisualStudioVersion = 10.0.40219.1
Project("{FAE04EC0-301F-11D3-BF4B-00C04F79EFBC}") = "xlRcode", "xlRcode.csproj", "{D25ACC44-3F85-4679-BEAA-6B7E1991E073}"
EndProject
Global
	GlobalSection(SolutionConfigurationPlatforms) = preSolution
		Debug|Any CPU = Debug|Any CPU
		Release|Any CPU = Release|Any CPU
	EndGlobalSection
	GlobalSection(ProjectConfigurationPlatforms) = postSolution
		{D25ACC44-3F85-4679-BEAA-6B7E1991E073}.Debug|Any CPU.ActiveCfg = Debug|Any CPU
		{D25ACC44-3F85-4679-BEAA-6B7E1991E073}.Debug|Any CPU.Build.0 = Debug|Any CPU
		{D25ACC44-3F85-4679-BEAA-6B7E1991E073}.Release|Any CPU.ActiveCfg = Release|Any CPU
		{D25ACC44-3F85-4679-BEAA-6B7E1991E073}.Release|Any CPU.Build.0 = Release|Any CPU
	EndGlobalSection
	GlobalSection(SolutionProperties) = preSolution
		HideSolutionNode = FALSE
	EndGlobalSection
	GlobalSection(ExtensibilityGlobals) = postSolution
		SolutionGuid = {D58864FD-33E7-411C-99DB-F2E03575A6DE}
	EndGlobalSection
EndGlobal
